
Microsoft Visual Studio Solution File, Format Version 12.00
# Visual Studio Version 17
VisualStudioVersion = 17.7.34221.43
MinimumVisualStudioVersion = 10.0.40219.1
Project("{FAE04EC0-301F-11D3-BF4B-00C04F79EFBC}") = "DenseIndex", "DenseIndex.csproj", "{53117B87-04B6-4491-A8FD-4E4BF7E36156}"
EndProject
Project("{FAE04EC0-301F-11D3-BF4B-00C04F79EFBC}") = "DenseIndex.Tests", "..\DenseIndex.Tests\DenseIndex.Tests.csproj", "{7F0901C3-1316-469D-BEF3-E2196374CC30}"
EndProject
Global
	GlobalSection(SolutionConfigurationPlatforms) = preSolution
		Debug|Any CPU = Debug|Any CPU
		Release|Any CPU = Release|Any CPU
	EndGlobalSection
	GlobalSection(ProjectConfigurationPlatforms) = postSolution
		{53117B87-04B6-4491-A8FD-4E4BF7E36156}.Debug|Any CPU.ActiveCfg = Debug|Any CPU
		{53117B87-04B6-4491-A8FD-4E4BF7E36156}.Debug|Any CPU.Build.0 = Debug|Any CPU
		{53117B87-04B6-4491-A8FD-4E4BF7E36156}.Release|Any CPU.ActiveCfg = Release|Any CPU
		{53117B87-04B6-4491-A8FD-4E4BF7E36156}.Release|Any CPU.Build.0 = Release|Any CPU
		{7F0901C3-1316-469D-BEF3-E2196374CC30}.Debug|Any CPU.ActiveCfg = Debug|Any CPU
		{7F0901C3-1316-469D-BEF3-E2196374CC30}.Debug|Any CPU.Build.0 = Debug|Any CPU
		{7F0901C3-1316-469D-BEF3-E2196374CC30}.Release|Any CPU.ActiveCfg = Release|Any CPU
		{7F0901C3-1316-469D-BEF3-E2196374CC30}.Release|Any CPU.Build.0 = Release|Any CPU
	EndGlobalSection
	GlobalSection(SolutionProperties) = preSolution
		HideSolutionNode = FALSE
	EndGlobalSection
	GlobalSection(ExtensibilityGlobals) = postSolution
		SolutionGuid = {55B5C2CF-F14F-4BD0-9D98-20F66D80144B}
	EndGlobalSection
EndGlobal
