
Microsoft Visual Studio Solution File, Format Version 12.00
# Visual Studio Version 17
VisualStudioVersion = 17.7.34031.279
MinimumVisualStudioVersion = 10.0.40219.1
Project("{9A19103F-16F7-4668-BE54-9A1E7A4F7556}") = "PolyphaseSort", "PolyphaseSort\PolyphaseSort.csproj", "{32744032-CC34-4E61-8EB3-708CA779D2C5}"
EndProject
Project("{FAE04EC0-301F-11D3-BF4B-00C04F79EFBC}") = "ExternalSort.Tests", "ExternalSort.Tests\ExternalSort.Tests.csproj", "{DDB23E95-774E-47BC-B290-22314456B632}"
EndProject
Global
	GlobalSection(SolutionConfigurationPlatforms) = preSolution
		Debug|Any CPU = Debug|Any CPU
		Release|Any CPU = Release|Any CPU
	EndGlobalSection
	GlobalSection(ProjectConfigurationPlatforms) = postSolution
		{32744032-CC34-4E61-8EB3-708CA779D2C5}.Debug|Any CPU.ActiveCfg = Debug|Any CPU
		{32744032-CC34-4E61-8EB3-708CA779D2C5}.Debug|Any CPU.Build.0 = Debug|Any CPU
		{32744032-CC34-4E61-8EB3-708CA779D2C5}.Release|Any CPU.ActiveCfg = Release|Any CPU
		{32744032-CC34-4E61-8EB3-708CA779D2C5}.Release|Any CPU.Build.0 = Release|Any CPU
		{DDB23E95-774E-47BC-B290-22314456B632}.Debug|Any CPU.ActiveCfg = Debug|Any CPU
		{DDB23E95-774E-47BC-B290-22314456B632}.Debug|Any CPU.Build.0 = Debug|Any CPU
		{DDB23E95-774E-47BC-B290-22314456B632}.Release|Any CPU.ActiveCfg = Release|Any CPU
		{DDB23E95-774E-47BC-B290-22314456B632}.Release|Any CPU.Build.0 = Release|Any CPU
	EndGlobalSection
	GlobalSection(SolutionProperties) = preSolution
		HideSolutionNode = FALSE
	EndGlobalSection
	GlobalSection(ExtensibilityGlobals) = postSolution
		SolutionGuid = {39C93517-2E79-4523-90EE-54E5491EE93C}
	EndGlobalSection
EndGlobal
